
Microsoft Visual Studio Solution File, Format Version 12.00
# Visual Studio Version 17
VisualStudioVersion = 17.9.34607.119
MinimumVisualStudioVersion = 10.0.40219.1
Project("{FAE04EC0-301F-11D3-BF4B-00C04F79EFBC}") = "CMS_Backend", "CMS_Backend\CMS_Backend.csproj", "{7D31EBED-C13C-4E7E-BBB4-84AA7F6FA18A}"
EndProject
Global
	GlobalSection(SolutionConfigurationPlatforms) = preSolution
		Debug|Any CPU = Debug|Any CPU
		Release|Any CPU = Release|Any CPU
	EndGlobalSection
	GlobalSection(ProjectConfigurationPlatforms) = postSolution
		{7D31EBED-C13C-4E7E-BBB4-84AA7F6FA18A}.Debug|Any CPU.ActiveCfg = Debug|Any CPU
		{7D31EBED-C13C-4E7E-BBB4-84AA7F6FA18A}.Debug|Any CPU.Build.0 = Debug|Any CPU
		{7D31EBED-C13C-4E7E-BBB4-84AA7F6FA18A}.Release|Any CPU.ActiveCfg = Release|Any CPU
		{7D31EBED-C13C-4E7E-BBB4-84AA7F6FA18A}.Release|Any CPU.Build.0 = Release|Any CPU
	EndGlobalSection
	GlobalSection(SolutionProperties) = preSolution
		HideSolutionNode = FALSE
	EndGlobalSection
	GlobalSection(ExtensibilityGlobals) = postSolution
		SolutionGuid = {69C0E6EF-6D5F-4B54-98D7-20ECB11F7589}
	EndGlobalSection
EndGlobal
